
Microsoft Visual Studio Solution File, Format Version 12.00
# Visual Studio Version 17
VisualStudioVersion = 17.9.34902.65
MinimumVisualStudioVersion = 10.0.40219.1
Project("{9A19103F-16F7-4668-BE54-9A1E7A4F7556}") = "TeamProjectManager", "TeamProjectManager\TeamProjectManager.csproj", "{D6CE56CA-E84B-4809-B444-0E41DA7C57B2}"
EndProject
Project("{2150E333-8FDC-42A3-9474-1A3956D46DE8}") = "2 - Domain", "2 - Domain", "{F90B0AA2-AEF8-4276-A565-951A9DBC880A}"
EndProject
Project("{9A19103F-16F7-4668-BE54-9A1E7A4F7556}") = "Domain", "Domain\Domain.csproj", "{7D25D500-F923-4020-8334-7FCD99156793}"
EndProject
Project("{2150E333-8FDC-42A3-9474-1A3956D46DE8}") = "3 - Infra", "3 - Infra", "{5D4BB7A8-8F97-4BAE-AC23-F0F7D6A7732C}"
EndProject
Project("{9A19103F-16F7-4668-BE54-9A1E7A4F7556}") = "Infrastructure", "Infrastructure\Infrastructure.csproj", "{4F037C55-1334-4A88-87A4-6DA9AE7A9831}"
EndProject
Project("{2150E333-8FDC-42A3-9474-1A3956D46DE8}") = "4 - Entities", "4 - Entities", "{7365A3D5-5F5E-40AE-A916-BEC941AF6A4F}"
EndProject
Project("{9A19103F-16F7-4668-BE54-9A1E7A4F7556}") = "Entities", "Entities\Entities.csproj", "{8175414B-3F20-4C31-9C63-A963A2EB0362}"
EndProject
Project("{2150E333-8FDC-42A3-9474-1A3956D46DE8}") = "5 - Tests", "5 - Tests", "{273E0680-88A0-4F18-80EA-B9F9EE309980}"
EndProject
Project("{2150E333-8FDC-42A3-9474-1A3956D46DE8}") = "6 - Shared", "6 - Shared", "{DF2B3A59-DE8D-474C-BE28-9EF502A207A1}"
EndProject
Project("{9A19103F-16F7-4668-BE54-9A1E7A4F7556}") = "Shared", "Shared\Shared.csproj", "{44AA11E4-7EFC-4F3C-9A7A-9E0B189E7DB2}"
EndProject
Project("{FAE04EC0-301F-11D3-BF4B-00C04F79EFBC}") = "TeamProjectManagerTest", "TeamProjectManagerTest\TeamProjectManagerTest.csproj", "{B2C5AA9E-C4B9-4D52-8433-09975D4B7505}"
EndProject
Project("{2150E333-8FDC-42A3-9474-1A3956D46DE8}") = "1 - Project", "1 - Project", "{81FA50FE-FE7B-4215-AD8B-54BA14C67A63}"
EndProject
Global
	GlobalSection(SolutionConfigurationPlatforms) = preSolution
		Debug|Any CPU = Debug|Any CPU
		Release|Any CPU = Release|Any CPU
	EndGlobalSection
	GlobalSection(ProjectConfigurationPlatforms) = postSolution
		{D6CE56CA-E84B-4809-B444-0E41DA7C57B2}.Debug|Any CPU.ActiveCfg = Debug|Any CPU
		{D6CE56CA-E84B-4809-B444-0E41DA7C57B2}.Debug|Any CPU.Build.0 = Debug|Any CPU
		{D6CE56CA-E84B-4809-B444-0E41DA7C57B2}.Release|Any CPU.ActiveCfg = Release|Any CPU
		{D6CE56CA-E84B-4809-B444-0E41DA7C57B2}.Release|Any CPU.Build.0 = Release|Any CPU
		{7D25D500-F923-4020-8334-7FCD99156793}.Debug|Any CPU.ActiveCfg = Debug|Any CPU
		{7D25D500-F923-4020-8334-7FCD99156793}.Debug|Any CPU.Build.0 = Debug|Any CPU
		{7D25D500-F923-4020-8334-7FCD99156793}.Release|Any CPU.ActiveCfg = Release|Any CPU
		{7D25D500-F923-4020-8334-7FCD99156793}.Release|Any CPU.Build.0 = Release|Any CPU
		{4F037C55-1334-4A88-87A4-6DA9AE7A9831}.Debug|Any CPU.ActiveCfg = Debug|Any CPU
		{4F037C55-1334-4A88-87A4-6DA9AE7A9831}.Debug|Any CPU.Build.0 = Debug|Any CPU
		{4F037C55-1334-4A88-87A4-6DA9AE7A9831}.Release|Any CPU.ActiveCfg = Release|Any CPU
		{4F037C55-1334-4A88-87A4-6DA9AE7A9831}.Release|Any CPU.Build.0 = Release|Any CPU
		{8175414B-3F20-4C31-9C63-A963A2EB0362}.Debug|Any CPU.ActiveCfg = Debug|Any CPU
		{8175414B-3F20-4C31-9C63-A963A2EB0362}.Debug|Any CPU.Build.0 = Debug|Any CPU
		{8175414B-3F20-4C31-9C63-A963A2EB0362}.Release|Any CPU.ActiveCfg = Release|Any CPU
		{8175414B-3F20-4C31-9C63-A963A2EB0362}.Release|Any CPU.Build.0 = Release|Any CPU
		{44AA11E4-7EFC-4F3C-9A7A-9E0B189E7DB2}.Debug|Any CPU.ActiveCfg = Debug|Any CPU
		{44AA11E4-7EFC-4F3C-9A7A-9E0B189E7DB2}.Debug|Any CPU.Build.0 = Debug|Any CPU
		{44AA11E4-7EFC-4F3C-9A7A-9E0B189E7DB2}.Release|Any CPU.ActiveCfg = Release|Any CPU
		{44AA11E4-7EFC-4F3C-9A7A-9E0B189E7DB2}.Release|Any CPU.Build.0 = Release|Any CPU
		{B2C5AA9E-C4B9-4D52-8433-09975D4B7505}.Debug|Any CPU.ActiveCfg = Debug|Any CPU
		{B2C5AA9E-C4B9-4D52-8433-09975D4B7505}.Debug|Any CPU.Build.0 = Debug|Any CPU
		{B2C5AA9E-C4B9-4D52-8433-09975D4B7505}.Release|Any CPU.ActiveCfg = Release|Any CPU
		{B2C5AA9E-C4B9-4D52-8433-09975D4B7505}.Release|Any CPU.Build.0 = Release|Any CPU
	EndGlobalSection
	GlobalSection(SolutionProperties) = preSolution
		HideSolutionNode = FALSE
	EndGlobalSection
	GlobalSection(NestedProjects) = preSolution
		{D6CE56CA-E84B-4809-B444-0E41DA7C57B2} = {81FA50FE-FE7B-4215-AD8B-54BA14C67A63}
		{7D25D500-F923-4020-8334-7FCD99156793} = {F90B0AA2-AEF8-4276-A565-951A9DBC880A}
		{4F037C55-1334-4A88-87A4-6DA9AE7A9831} = {5D4BB7A8-8F97-4BAE-AC23-F0F7D6A7732C}
		{8175414B-3F20-4C31-9C63-A963A2EB0362} = {7365A3D5-5F5E-40AE-A916-BEC941AF6A4F}
		{44AA11E4-7EFC-4F3C-9A7A-9E0B189E7DB2} = {DF2B3A59-DE8D-474C-BE28-9EF502A207A1}
		{B2C5AA9E-C4B9-4D52-8433-09975D4B7505} = {273E0680-88A0-4F18-80EA-B9F9EE309980}
	EndGlobalSection
	GlobalSection(ExtensibilityGlobals) = postSolution
		SolutionGuid = {10F60E36-8475-4631-98DB-1297F2C27988}
	EndGlobalSection
EndGlobal
