
Microsoft Visual Studio Solution File, Format Version 12.00
# Visual Studio Version 17
VisualStudioVersion = 17.9.34902.65
MinimumVisualStudioVersion = 10.0.40219.1
Project("{FAE04EC0-301F-11D3-BF4B-00C04F79EFBC}") = "TeamProjectManager", "TeamProjectManager\TeamProjectManager.csproj", "{D6CE56CA-E84B-4809-B444-0E41DA7C57B2}"
EndProject
Global
	GlobalSection(SolutionConfigurationPlatforms) = preSolution
		Debug|Any CPU = Debug|Any CPU
		Release|Any CPU = Release|Any CPU
	EndGlobalSection
	GlobalSection(ProjectConfigurationPlatforms) = postSolution
		{D6CE56CA-E84B-4809-B444-0E41DA7C57B2}.Debug|Any CPU.ActiveCfg = Debug|Any CPU
		{D6CE56CA-E84B-4809-B444-0E41DA7C57B2}.Debug|Any CPU.Build.0 = Debug|Any CPU
		{D6CE56CA-E84B-4809-B444-0E41DA7C57B2}.Release|Any CPU.ActiveCfg = Release|Any CPU
		{D6CE56CA-E84B-4809-B444-0E41DA7C57B2}.Release|Any CPU.Build.0 = Release|Any CPU
	EndGlobalSection
	GlobalSection(SolutionProperties) = preSolution
		HideSolutionNode = FALSE
	EndGlobalSection
	GlobalSection(ExtensibilityGlobals) = postSolution
		SolutionGuid = {10F60E36-8475-4631-98DB-1297F2C27988}
	EndGlobalSection
EndGlobal
